# THIS IS AN AUTOGENERATED FILE. DO NOT EDIT THIS FILE DIRECTLY.
# yarn lockfile v1


better-queue-memory@^1.0.1:
  version "1.0.3"
  resolved "https://registry.yarnpkg.com/better-queue-memory/-/better-queue-memory-1.0.3.tgz#4e71fbb5f5976188656e0c5610da7b411af41493"
  integrity sha512-QLFkfV+k/7e4L4FR7kqkXKtRi22kl68c/3AaBs0ArDSz0iiuAl0DjVlb6gM220jW7izLE5TRy7oXOd4Cxa0wog==

better-queue@^3.8.10:
  version "3.8.10"
  resolved "https://registry.yarnpkg.com/better-queue/-/better-queue-3.8.10.tgz#1c93b9ec4cb3d1b72eb91d0efcb84fc80e8c6835"
  integrity sha512-e3gwNZgDCnNWl0An0Tz6sUjKDV9m6aB+K9Xg//vYeo8+KiH8pWhLFxkawcXhm6FpM//GfD9IQv/kmvWCAVVpKA==
  dependencies:
    better-queue-memory "^1.0.1"
    node-eta "^0.9.0"
    uuid "^3.0.0"

node-eta@^0.9.0:
  version "0.9.0"
  resolved "https://registry.yarnpkg.com/node-eta/-/node-eta-0.9.0.tgz#9fb0b099bcd2a021940e603c64254dc003d9a7a8"
  integrity sha1-n7CwmbzSoCGUDmA8ZCVNwAPZp6g=

uuid@^3.0.0:
  version "3.3.2"
  resolved "https://registry.yarnpkg.com/uuid/-/uuid-3.3.2.tgz#1b4af4955eb3077c501c23872fc6513811587131"
  integrity sha512-yXJmeNaw3DnnKAOKJE51sL/ZaYfWJRl1pK9dr19YFCu0ObS231AB1/LbqTKRAQ5kw8A90rA6fr4riOUpTZvQZA==
